
Microsoft Visual Studio Solution File, Format Version 12.00
# Visual Studio 15
Project("{FAE04EC0-301F-11D3-BF4B-00C04F79EFBC}") = "Assembly-CSharp", "Assembly-CSharp.csproj", "{F71F2D5A-F7E5-1A0B-C2B9-9794F5ECCD7B}"
EndProject
Project("{FAE04EC0-301F-11D3-BF4B-00C04F79EFBC}") = "AstarPathfindingProject", "AstarPathfindingProject.csproj", "{C058E6A4-54E2-4123-EF56-5E13EF076E09}"
EndProject
Project("{FAE04EC0-301F-11D3-BF4B-00C04F79EFBC}") = "AstarPathfindingProjectEditor", "AstarPathfindingProjectEditor.csproj", "{D15DDA2C-F3A6-501E-55B4-66B3B18780C2}"
EndProject
Project("{FAE04EC0-301F-11D3-BF4B-00C04F79EFBC}") = "PackageToolsEditor", "PackageToolsEditor.csproj", "{AE022C7E-B207-62B5-F09B-A6BEBEA8B03E}"
EndProject
Global
	GlobalSection(SolutionConfigurationPlatforms) = preSolution
		Debug|Any CPU = Debug|Any CPU
		Release|Any CPU = Release|Any CPU
	EndGlobalSection
	GlobalSection(ProjectConfigurationPlatforms) = postSolution
		{F71F2D5A-F7E5-1A0B-C2B9-9794F5ECCD7B}.Debug|Any CPU.ActiveCfg = Debug|Any CPU
		{F71F2D5A-F7E5-1A0B-C2B9-9794F5ECCD7B}.Debug|Any CPU.Build.0 = Debug|Any CPU
		{F71F2D5A-F7E5-1A0B-C2B9-9794F5ECCD7B}.Release|Any CPU.ActiveCfg = Release|Any CPU
		{F71F2D5A-F7E5-1A0B-C2B9-9794F5ECCD7B}.Release|Any CPU.Build.0 = Release|Any CPU
		{C058E6A4-54E2-4123-EF56-5E13EF076E09}.Debug|Any CPU.ActiveCfg = Debug|Any CPU
		{C058E6A4-54E2-4123-EF56-5E13EF076E09}.Debug|Any CPU.Build.0 = Debug|Any CPU
		{C058E6A4-54E2-4123-EF56-5E13EF076E09}.Release|Any CPU.ActiveCfg = Release|Any CPU
		{C058E6A4-54E2-4123-EF56-5E13EF076E09}.Release|Any CPU.Build.0 = Release|Any CPU
		{D15DDA2C-F3A6-501E-55B4-66B3B18780C2}.Debug|Any CPU.ActiveCfg = Debug|Any CPU
		{D15DDA2C-F3A6-501E-55B4-66B3B18780C2}.Debug|Any CPU.Build.0 = Debug|Any CPU
		{D15DDA2C-F3A6-501E-55B4-66B3B18780C2}.Release|Any CPU.ActiveCfg = Release|Any CPU
		{D15DDA2C-F3A6-501E-55B4-66B3B18780C2}.Release|Any CPU.Build.0 = Release|Any CPU
		{AE022C7E-B207-62B5-F09B-A6BEBEA8B03E}.Debug|Any CPU.ActiveCfg = Debug|Any CPU
		{AE022C7E-B207-62B5-F09B-A6BEBEA8B03E}.Debug|Any CPU.Build.0 = Debug|Any CPU
		{AE022C7E-B207-62B5-F09B-A6BEBEA8B03E}.Release|Any CPU.ActiveCfg = Release|Any CPU
		{AE022C7E-B207-62B5-F09B-A6BEBEA8B03E}.Release|Any CPU.Build.0 = Release|Any CPU
	EndGlobalSection
	GlobalSection(SolutionProperties) = preSolution
		HideSolutionNode = FALSE
	EndGlobalSection
	GlobalSection(MonoDevelopProperties) = preSolution
		StartupItem = Assembly-CSharp.csproj
	EndGlobalSection
EndGlobal
